
Microsoft Visual Studio Solution File, Format Version 12.00
# Visual Studio Version 17
VisualStudioVersion = 17.11.35312.102
MinimumVisualStudioVersion = 10.0.40219.1
Project("{8BC9CEB8-8B4A-11D0-8D11-00A0C91BC942}") = "sp-sd1", "sp-sd1.vcxproj", "{30ECD19D-6B99-413B-9178-17175A0A8AC0}"
EndProject
Global
	GlobalSection(SolutionConfigurationPlatforms) = preSolution
		Debug|x64 = Debug|x64
		Debug|x86 = Debug|x86
		Release|x64 = Release|x64
		Release|x86 = Release|x86
	EndGlobalSection
	GlobalSection(ProjectConfigurationPlatforms) = postSolution
		{30ECD19D-6B99-413B-9178-17175A0A8AC0}.Debug|x64.ActiveCfg = Debug|x64
		{30ECD19D-6B99-413B-9178-17175A0A8AC0}.Debug|x64.Build.0 = Debug|x64
		{30ECD19D-6B99-413B-9178-17175A0A8AC0}.Debug|x86.ActiveCfg = Debug|Win32
		{30ECD19D-6B99-413B-9178-17175A0A8AC0}.Debug|x86.Build.0 = Debug|Win32
		{30ECD19D-6B99-413B-9178-17175A0A8AC0}.Release|x64.ActiveCfg = Release|x64
		{30ECD19D-6B99-413B-9178-17175A0A8AC0}.Release|x64.Build.0 = Release|x64
		{30ECD19D-6B99-413B-9178-17175A0A8AC0}.Release|x86.ActiveCfg = Release|Win32
		{30ECD19D-6B99-413B-9178-17175A0A8AC0}.Release|x86.Build.0 = Release|Win32
	EndGlobalSection
	GlobalSection(SolutionProperties) = preSolution
		HideSolutionNode = FALSE
	EndGlobalSection
	GlobalSection(ExtensibilityGlobals) = postSolution
		SolutionGuid = {8A4DB80F-5883-4173-885B-552A936856B3}
	EndGlobalSection
EndGlobal
